// !$*UTF8*$!
{
	archiveVersion = 1;
	classes = {
	};
	objectVersion = 52;
	objects = {

/* Begin PBXBuildFile section */
		1482CE6128D7AFF60094B4B6 /* SFSafeSymbols in Frameworks */ = {isa = PBXBuildFile; productRef = 1482CE6028D7AFF60094B4B6 /* SFSafeSymbols */; };
		1482CE6328D7B53B0094B4B6 /* TimeView.swift in Sources */ = {isa = PBXBuildFile; fileRef = 1482CE6228D7B53B0094B4B6 /* TimeView.swift */; };
		A724F53428FCBA9E00B9C5CC /* TimeCountingModelTests.swift in Sources */ = {isa = PBXBuildFile; fileRef = A724F53328FCBA9E00B9C5CC /* TimeCountingModelTests.swift */; };
		A724F53B28FCC54600B9C5CC /* TimeStampTests.swift in Sources */ = {isa = PBXBuildFile; fileRef = A724F53A28FCC54600B9C5CC /* TimeStampTests.swift */; };
		A76142422559C23E00E8D54F /* ClockView.swift in Sources */ = {isa = PBXBuildFile; fileRef = A76142412559C23E00E8D54F /* ClockView.swift */; };
		A76142432559C23E00E8D54F /* ClockView.swift in Sources */ = {isa = PBXBuildFile; fileRef = A76142412559C23E00E8D54F /* ClockView.swift */; };
		A76142442559C23E00E8D54F /* ClockView.swift in Sources */ = {isa = PBXBuildFile; fileRef = A76142412559C23E00E8D54F /* ClockView.swift */; };
		A768380B2559E0860017E669 /* TimerButton.swift in Sources */ = {isa = PBXBuildFile; fileRef = A768380A2559E0860017E669 /* TimerButton.swift */; };
		A768380C2559E0860017E669 /* TimerButton.swift in Sources */ = {isa = PBXBuildFile; fileRef = A768380A2559E0860017E669 /* TimerButton.swift */; };
		A768380D2559E0860017E669 /* TimerButton.swift in Sources */ = {isa = PBXBuildFile; fileRef = A768380A2559E0860017E669 /* TimerButton.swift */; };
		A76838132559E5CD0017E669 /* StopWatchManager.swift in Sources */ = {isa = PBXBuildFile; fileRef = A76838122559E5CD0017E669 /* StopWatchManager.swift */; };
		A76838142559E5CD0017E669 /* StopWatchManager.swift in Sources */ = {isa = PBXBuildFile; fileRef = A76838122559E5CD0017E669 /* StopWatchManager.swift */; };
		A76838152559E5CD0017E669 /* StopWatchManager.swift in Sources */ = {isa = PBXBuildFile; fileRef = A76838122559E5CD0017E669 /* StopWatchManager.swift */; };
		A776147A256B336400846DAB /* SettingsView.swift in Sources */ = {isa = PBXBuildFile; fileRef = A7761479256B336400846DAB /* SettingsView.swift */; };
		A776147B256B336400846DAB /* SettingsView.swift in Sources */ = {isa = PBXBuildFile; fileRef = A7761479256B336400846DAB /* SettingsView.swift */; };
		A776147C256B336400846DAB /* SettingsView.swift in Sources */ = {isa = PBXBuildFile; fileRef = A7761479256B336400846DAB /* SettingsView.swift */; };
		A7761481256B33A200846DAB /* StatisticView.swift in Sources */ = {isa = PBXBuildFile; fileRef = A7761480256B33A200846DAB /* StatisticView.swift */; };
		A7761482256B33A200846DAB /* StatisticView.swift in Sources */ = {isa = PBXBuildFile; fileRef = A7761480256B33A200846DAB /* StatisticView.swift */; };
		A7761483256B33A200846DAB /* StatisticView.swift in Sources */ = {isa = PBXBuildFile; fileRef = A7761480256B33A200846DAB /* StatisticView.swift */; };
		A77957DE28FB6B0F00AF5057 /* TimeStamp.swift in Sources */ = {isa = PBXBuildFile; fileRef = A77957DD28FB6B0F00AF5057 /* TimeStamp.swift */; };
		A77957E128FB728500AF5057 /* TimeCounter.swift in Sources */ = {isa = PBXBuildFile; fileRef = A77957E028FB728500AF5057 /* TimeCounter.swift */; };
		A77F750E257D15B800A86058 /* TimerButtonView.swift in Sources */ = {isa = PBXBuildFile; fileRef = A77F750D257D15B800A86058 /* TimerButtonView.swift */; };
		A77F750F257D15B800A86058 /* TimerButtonView.swift in Sources */ = {isa = PBXBuildFile; fileRef = A77F750D257D15B800A86058 /* TimerButtonView.swift */; };
		A77F7510257D15B800A86058 /* TimerButtonView.swift in Sources */ = {isa = PBXBuildFile; fileRef = A77F750D257D15B800A86058 /* TimerButtonView.swift */; };
		A7A08600255CACF600807225 /* TimeCountingModel.swift in Sources */ = {isa = PBXBuildFile; fileRef = A7A085FF255CACF600807225 /* TimeCountingModel.swift */; };
		A7A08606255CB22D00807225 /* SettingsManager.swift in Sources */ = {isa = PBXBuildFile; fileRef = A7A08605255CB22D00807225 /* SettingsManager.swift */; };
		A7A08607255CB22D00807225 /* SettingsManager.swift in Sources */ = {isa = PBXBuildFile; fileRef = A7A08605255CB22D00807225 /* SettingsManager.swift */; };
		A7A08608255CB22D00807225 /* SettingsManager.swift in Sources */ = {isa = PBXBuildFile; fileRef = A7A08605255CB22D00807225 /* SettingsManager.swift */; };
		A7A72DD72554A83800A44984 /* ChessClockApp.swift in Sources */ = {isa = PBXBuildFile; fileRef = A7A72DD62554A83800A44984 /* ChessClockApp.swift */; };
		A7A72DD92554A83800A44984 /* ChessClockView.swift in Sources */ = {isa = PBXBuildFile; fileRef = A7A72DD82554A83800A44984 /* ChessClockView.swift */; };
		A7A72DDB2554A83B00A44984 /* Assets.xcassets in Resources */ = {isa = PBXBuildFile; fileRef = A7A72DDA2554A83B00A44984 /* Assets.xcassets */; };
		A7A72DDE2554A83B00A44984 /* Preview Assets.xcassets in Resources */ = {isa = PBXBuildFile; fileRef = A7A72DDD2554A83B00A44984 /* Preview Assets.xcassets */; };
		A7A72E0C25560A7800A44984 /* AppDelegate.swift in Sources */ = {isa = PBXBuildFile; fileRef = A7A72E0B25560A7800A44984 /* AppDelegate.swift */; };
		A7A72E0D25560A7800A44984 /* AppDelegate.swift in Sources */ = {isa = PBXBuildFile; fileRef = A7A72E0B25560A7800A44984 /* AppDelegate.swift */; };
		A7A72E0E25560A7800A44984 /* AppDelegate.swift in Sources */ = {isa = PBXBuildFile; fileRef = A7A72E0B25560A7800A44984 /* AppDelegate.swift */; };
		A7A72E3825560FD200A44984 /* MapKit.framework in Frameworks */ = {isa = PBXBuildFile; fileRef = A7A72E3725560FD200A44984 /* MapKit.framework */; };
		A7A9235928DBCEB8002783F0 /* DateFormatting.swift in Sources */ = {isa = PBXBuildFile; fileRef = A7A9235828DBCEB8002783F0 /* DateFormatting.swift */; };
/* End PBXBuildFile section */

/* Begin PBXContainerItemProxy section */
		A724F53528FCBA9E00B9C5CC /* PBXContainerItemProxy */ = {
			isa = PBXContainerItemProxy;
			containerPortal = A7A72DCB2554A83800A44984 /* Project object */;
			proxyType = 1;
			remoteGlobalIDString = A7A72DD22554A83800A44984;
			remoteInfo = ChessClock;
		};
/* End PBXContainerItemProxy section */

/* Begin PBXFileReference section */
		1482CE6228D7B53B0094B4B6 /* TimeView.swift */ = {isa = PBXFileReference; lastKnownFileType = sourcecode.swift; path = TimeView.swift; sourceTree = "<group>"; };
		A724F53128FCBA9E00B9C5CC /* ChessClockTests.xctest */ = {isa = PBXFileReference; explicitFileType = wrapper.cfbundle; includeInIndex = 0; path = ChessClockTests.xctest; sourceTree = BUILT_PRODUCTS_DIR; };
		A724F53328FCBA9E00B9C5CC /* TimeCountingModelTests.swift */ = {isa = PBXFileReference; lastKnownFileType = sourcecode.swift; path = TimeCountingModelTests.swift; sourceTree = "<group>"; };
		A724F53A28FCC54600B9C5CC /* TimeStampTests.swift */ = {isa = PBXFileReference; lastKnownFileType = sourcecode.swift; path = TimeStampTests.swift; sourceTree = "<group>"; };
		A76142412559C23E00E8D54F /* ClockView.swift */ = {isa = PBXFileReference; lastKnownFileType = sourcecode.swift; path = ClockView.swift; sourceTree = "<group>"; };
		A768380A2559E0860017E669 /* TimerButton.swift */ = {isa = PBXFileReference; lastKnownFileType = sourcecode.swift; path = TimerButton.swift; sourceTree = "<group>"; };
		A76838122559E5CD0017E669 /* StopWatchManager.swift */ = {isa = PBXFileReference; lastKnownFileType = sourcecode.swift; path = StopWatchManager.swift; sourceTree = "<group>"; };
		A7761479256B336400846DAB /* SettingsView.swift */ = {isa = PBXFileReference; lastKnownFileType = sourcecode.swift; path = SettingsView.swift; sourceTree = "<group>"; };
		A7761480256B33A200846DAB /* StatisticView.swift */ = {isa = PBXFileReference; lastKnownFileType = sourcecode.swift; path = StatisticView.swift; sourceTree = "<group>"; };
		A77957DD28FB6B0F00AF5057 /* TimeStamp.swift */ = {isa = PBXFileReference; lastKnownFileType = sourcecode.swift; path = TimeStamp.swift; sourceTree = "<group>"; };
		A77957E028FB728500AF5057 /* TimeCounter.swift */ = {isa = PBXFileReference; lastKnownFileType = sourcecode.swift; path = TimeCounter.swift; sourceTree = "<group>"; };
		A77F750D257D15B800A86058 /* TimerButtonView.swift */ = {isa = PBXFileReference; lastKnownFileType = sourcecode.swift; path = TimerButtonView.swift; sourceTree = "<group>"; };
		A7A085FF255CACF600807225 /* TimeCountingModel.swift */ = {isa = PBXFileReference; lastKnownFileType = sourcecode.swift; path = TimeCountingModel.swift; sourceTree = "<group>"; };
		A7A08605255CB22D00807225 /* SettingsManager.swift */ = {isa = PBXFileReference; lastKnownFileType = sourcecode.swift; path = SettingsManager.swift; sourceTree = "<group>"; };
		A7A72DD32554A83800A44984 /* ChessClock.app */ = {isa = PBXFileReference; explicitFileType = wrapper.application; includeInIndex = 0; path = ChessClock.app; sourceTree = BUILT_PRODUCTS_DIR; };
		A7A72DD62554A83800A44984 /* ChessClockApp.swift */ = {isa = PBXFileReference; lastKnownFileType = sourcecode.swift; path = ChessClockApp.swift; sourceTree = "<group>"; };
		A7A72DD82554A83800A44984 /* ChessClockView.swift */ = {isa = PBXFileReference; lastKnownFileType = sourcecode.swift; path = ChessClockView.swift; sourceTree = "<group>"; };
		A7A72DDA2554A83B00A44984 /* Assets.xcassets */ = {isa = PBXFileReference; lastKnownFileType = folder.assetcatalog; path = Assets.xcassets; sourceTree = "<group>"; };
		A7A72DDD2554A83B00A44984 /* Preview Assets.xcassets */ = {isa = PBXFileReference; lastKnownFileType = folder.assetcatalog; path = "Preview Assets.xcassets"; sourceTree = "<group>"; };
		A7A72DDF2554A83B00A44984 /* Info.plist */ = {isa = PBXFileReference; lastKnownFileType = text.plist.xml; path = Info.plist; sourceTree = "<group>"; };
		A7A72E0B25560A7800A44984 /* AppDelegate.swift */ = {isa = PBXFileReference; lastKnownFileType = sourcecode.swift; path = AppDelegate.swift; sourceTree = "<group>"; };
		A7A72E3725560FD200A44984 /* MapKit.framework */ = {isa = PBXFileReference; lastKnownFileType = wrapper.framework; name = MapKit.framework; path = System/Library/Frameworks/MapKit.framework; sourceTree = SDKROOT; };
		A7A9235828DBCEB8002783F0 /* DateFormatting.swift */ = {isa = PBXFileReference; lastKnownFileType = sourcecode.swift; path = DateFormatting.swift; sourceTree = "<group>"; };
/* End PBXFileReference section */

/* Begin PBXFrameworksBuildPhase section */
		A724F52E28FCBA9E00B9C5CC /* Frameworks */ = {
			isa = PBXFrameworksBuildPhase;
			buildActionMask = 2147483647;
			files = (
			);
			runOnlyForDeploymentPostprocessing = 0;
		};
		A7A72DD02554A83800A44984 /* Frameworks */ = {
			isa = PBXFrameworksBuildPhase;
			buildActionMask = 2147483647;
			files = (
				1482CE6128D7AFF60094B4B6 /* SFSafeSymbols in Frameworks */,
				A7A72E3825560FD200A44984 /* MapKit.framework in Frameworks */,
			);
			runOnlyForDeploymentPostprocessing = 0;
		};
/* End PBXFrameworksBuildPhase section */

/* Begin PBXGroup section */
		41A3120B801DA5769EDF4C7D /* Frameworks */ = {
			isa = PBXGroup;
			children = (
				A7A72E3725560FD200A44984 /* MapKit.framework */,
			);
			name = Frameworks;
			sourceTree = "<group>";
		};
		A724F53228FCBA9E00B9C5CC /* ChessClockTests */ = {
			isa = PBXGroup;
			children = (
				A724F53328FCBA9E00B9C5CC /* TimeCountingModelTests.swift */,
				A724F53A28FCC54600B9C5CC /* TimeStampTests.swift */,
			);
			path = ChessClockTests;
			sourceTree = "<group>";
		};
		A76142372559C11F00E8D54F /* View */ = {
			isa = PBXGroup;
			children = (
				A77F7517257D16E200A86058 /* Clock */,
				A77F7518257D16FE00A86058 /* Statistic */,
				A77F751A257D173300A86058 /* Settings */,
			);
			path = View;
			sourceTree = "<group>";
		};
		A76838112559E5A40017E669 /* Model */ = {
			isa = PBXGroup;
			children = (
				A76838122559E5CD0017E669 /* StopWatchManager.swift */,
				A7A08605255CB22D00807225 /* SettingsManager.swift */,
				A7A9235828DBCEB8002783F0 /* DateFormatting.swift */,
				A7A085FF255CACF600807225 /* TimeCountingModel.swift */,
				A77957E028FB728500AF5057 /* TimeCounter.swift */,
				A77957DD28FB6B0F00AF5057 /* TimeStamp.swift */,
			);
			path = Model;
			sourceTree = "<group>";
		};
		A77F7517257D16E200A86058 /* Clock */ = {
			isa = PBXGroup;
			children = (
				A76142412559C23E00E8D54F /* ClockView.swift */,
				1482CE6228D7B53B0094B4B6 /* TimeView.swift */,
				A77F750D257D15B800A86058 /* TimerButtonView.swift */,
				A768380A2559E0860017E669 /* TimerButton.swift */,
			);
			path = Clock;
			sourceTree = "<group>";
		};
		A77F7518257D16FE00A86058 /* Statistic */ = {
			isa = PBXGroup;
			children = (
				A7761480256B33A200846DAB /* StatisticView.swift */,
			);
			path = Statistic;
			sourceTree = "<group>";
		};
		A77F751A257D173300A86058 /* Settings */ = {
			isa = PBXGroup;
			children = (
				A7761479256B336400846DAB /* SettingsView.swift */,
			);
			path = Settings;
			sourceTree = "<group>";
		};
		A7A72DCA2554A83800A44984 = {
			isa = PBXGroup;
			children = (
				A7A72DD52554A83800A44984 /* ChessClock */,
				A724F53228FCBA9E00B9C5CC /* ChessClockTests */,
				A7A72DD42554A83800A44984 /* Products */,
				41A3120B801DA5769EDF4C7D /* Frameworks */,
			);
			sourceTree = "<group>";
		};
		A7A72DD42554A83800A44984 /* Products */ = {
			isa = PBXGroup;
			children = (
				A7A72DD32554A83800A44984 /* ChessClock.app */,
				A724F53128FCBA9E00B9C5CC /* ChessClockTests.xctest */,
			);
			name = Products;
			sourceTree = "<group>";
		};
		A7A72DD52554A83800A44984 /* ChessClock */ = {
			isa = PBXGroup;
			children = (
				A76838112559E5A40017E669 /* Model */,
				A76142372559C11F00E8D54F /* View */,
				A7A72DD82554A83800A44984 /* ChessClockView.swift */,
				A7A72DD62554A83800A44984 /* ChessClockApp.swift */,
				A7A72E0B25560A7800A44984 /* AppDelegate.swift */,
				A7A72DDA2554A83B00A44984 /* Assets.xcassets */,
				A7A72DDF2554A83B00A44984 /* Info.plist */,
				A7A72DDC2554A83B00A44984 /* Preview Content */,
			);
			path = ChessClock;
			sourceTree = "<group>";
		};
		A7A72DDC2554A83B00A44984 /* Preview Content */ = {
			isa = PBXGroup;
			children = (
				A7A72DDD2554A83B00A44984 /* Preview Assets.xcassets */,
			);
			path = "Preview Content";
			sourceTree = "<group>";
		};
/* End PBXGroup section */

/* Begin PBXNativeTarget section */
		A724F53028FCBA9E00B9C5CC /* ChessClockTests */ = {
			isa = PBXNativeTarget;
			buildConfigurationList = A724F53728FCBA9E00B9C5CC /* Build configuration list for PBXNativeTarget "ChessClockTests" */;
			buildPhases = (
				A724F52D28FCBA9E00B9C5CC /* Sources */,
				A724F52E28FCBA9E00B9C5CC /* Frameworks */,
				A724F52F28FCBA9E00B9C5CC /* Resources */,
			);
			buildRules = (
			);
			dependencies = (
				A724F53628FCBA9E00B9C5CC /* PBXTargetDependency */,
			);
			name = ChessClockTests;
			productName = ChessClockTests;
			productReference = A724F53128FCBA9E00B9C5CC /* ChessClockTests.xctest */;
			productType = "com.apple.product-type.bundle.unit-test";
		};
		A7A72DD22554A83800A44984 /* ChessClock */ = {
			isa = PBXNativeTarget;
			buildConfigurationList = A7A72DF82554A83B00A44984 /* Build configuration list for PBXNativeTarget "ChessClock" */;
			buildPhases = (
				A7A72DCF2554A83800A44984 /* Sources */,
				A7A72DD02554A83800A44984 /* Frameworks */,
				A7A72DD12554A83800A44984 /* Resources */,
			);
			buildRules = (
			);
			dependencies = (
			);
			name = ChessClock;
			packageProductDependencies = (
				1482CE6028D7AFF60094B4B6 /* SFSafeSymbols */,
			);
			productName = ChessClock;
			productReference = A7A72DD32554A83800A44984 /* ChessClock.app */;
			productType = "com.apple.product-type.application";
		};
/* End PBXNativeTarget section */

/* Begin PBXProject section */
		A7A72DCB2554A83800A44984 /* Project object */ = {
			isa = PBXProject;
			attributes = {
				LastSwiftUpdateCheck = 1400;
				LastUpgradeCheck = 1210;
				TargetAttributes = {
					A724F53028FCBA9E00B9C5CC = {
						CreatedOnToolsVersion = 14.0.1;
						TestTargetID = A7A72DD22554A83800A44984;
					};
					A7A72DD22554A83800A44984 = {
						CreatedOnToolsVersion = 12.1;
					};
				};
			};
			buildConfigurationList = A7A72DCE2554A83800A44984 /* Build configuration list for PBXProject "ChessClock" */;
			compatibilityVersion = "Xcode 9.3";
			developmentRegion = en;
			hasScannedForEncodings = 0;
			knownRegions = (
				en,
				Base,
			);
			mainGroup = A7A72DCA2554A83800A44984;
			packageReferences = (
				1482CE5F28D7AFF60094B4B6 /* XCRemoteSwiftPackageReference "SFSafeSymbols" */,
			);
			productRefGroup = A7A72DD42554A83800A44984 /* Products */;
			projectDirPath = "";
			projectRoot = "";
			targets = (
				A7A72DD22554A83800A44984 /* ChessClock */,
				A724F53028FCBA9E00B9C5CC /* ChessClockTests */,
			);
		};
/* End PBXProject section */

/* Begin PBXResourcesBuildPhase section */
		A724F52F28FCBA9E00B9C5CC /* Resources */ = {
			isa = PBXResourcesBuildPhase;
			buildActionMask = 2147483647;
			files = (
			);
			runOnlyForDeploymentPostprocessing = 0;
		};
		A7A72DD12554A83800A44984 /* Resources */ = {
			isa = PBXResourcesBuildPhase;
			buildActionMask = 2147483647;
			files = (
				A7A72DDE2554A83B00A44984 /* Preview Assets.xcassets in Resources */,
				A7A72DDB2554A83B00A44984 /* Assets.xcassets in Resources */,
			);
			runOnlyForDeploymentPostprocessing = 0;
		};
/* End PBXResourcesBuildPhase section */

/* Begin PBXSourcesBuildPhase section */
		A724F52D28FCBA9E00B9C5CC /* Sources */ = {
			isa = PBXSourcesBuildPhase;
			buildActionMask = 2147483647;
			files = (
				A724F53B28FCC54600B9C5CC /* TimeStampTests.swift in Sources */,
				A724F53428FCBA9E00B9C5CC /* TimeCountingModelTests.swift in Sources */,
			);
			runOnlyForDeploymentPostprocessing = 0;
		};
		A7A72DCF2554A83800A44984 /* Sources */ = {
			isa = PBXSourcesBuildPhase;
			buildActionMask = 2147483647;
			files = (
				A7A72E0C25560A7800A44984 /* AppDelegate.swift in Sources */,
				A7A08600255CACF600807225 /* TimeCountingModel.swift in Sources */,
				A76838132559E5CD0017E669 /* StopWatchManager.swift in Sources */,
				A77957E128FB728500AF5057 /* TimeCounter.swift in Sources */,
				A76142422559C23E00E8D54F /* ClockView.swift in Sources */,
				A7A08606255CB22D00807225 /* SettingsManager.swift in Sources */,
				A776147A256B336400846DAB /* SettingsView.swift in Sources */,
				A7A72DD92554A83800A44984 /* ChessClockView.swift in Sources */,
				A768380B2559E0860017E669 /* TimerButton.swift in Sources */,
				A7A9235928DBCEB8002783F0 /* DateFormatting.swift in Sources */,
				A7761481256B33A200846DAB /* StatisticView.swift in Sources */,
				A77957DE28FB6B0F00AF5057 /* TimeStamp.swift in Sources */,
				A77F750E257D15B800A86058 /* TimerButtonView.swift in Sources */,
				A7A72DD72554A83800A44984 /* ChessClockApp.swift in Sources */,
				1482CE6328D7B53B0094B4B6 /* TimeView.swift in Sources */,
			);
			runOnlyForDeploymentPostprocessing = 0;
		};
/* End PBXSourcesBuildPhase section */

/* Begin PBXTargetDependency section */
		A724F53628FCBA9E00B9C5CC /* PBXTargetDependency */ = {
			isa = PBXTargetDependency;
			target = A7A72DD22554A83800A44984 /* ChessClock */;
			targetProxy = A724F53528FCBA9E00B9C5CC /* PBXContainerItemProxy */;
		};
/* End PBXTargetDependency section */

/* Begin XCBuildConfiguration section */
		A724F53828FCBA9E00B9C5CC /* Debug */ = {
			isa = XCBuildConfiguration;
			buildSettings = {
				BUNDLE_LOADER = "$(TEST_HOST)";
				CLANG_CXX_LANGUAGE_STANDARD = "gnu++20";
				CODE_SIGN_STYLE = Automatic;
				CURRENT_PROJECT_VERSION = 1;
				DEVELOPMENT_TEAM = 235K7U278B;
				GENERATE_INFOPLIST_FILE = YES;
				IPHONEOS_DEPLOYMENT_TARGET = 16.0;
				MARKETING_VERSION = 1.0;
				PRODUCT_BUNDLE_IDENTIFIER = com.elysium.ChessClockTests;
				PRODUCT_NAME = "$(TARGET_NAME)";
				SWIFT_EMIT_LOC_STRINGS = NO;
				SWIFT_VERSION = 5.0;
				TARGETED_DEVICE_FAMILY = "1,2";
				TEST_HOST = "$(BUILT_PRODUCTS_DIR)/ChessClock.app/$(BUNDLE_EXECUTABLE_FOLDER_PATH)/ChessClock";
			};
			name = Debug;
		};
		A724F53928FCBA9E00B9C5CC /* Release */ = {
			isa = XCBuildConfiguration;
			buildSettings = {
				BUNDLE_LOADER = "$(TEST_HOST)";
				CLANG_CXX_LANGUAGE_STANDARD = "gnu++20";
				CODE_SIGN_STYLE = Automatic;
				CURRENT_PROJECT_VERSION = 1;
				DEVELOPMENT_TEAM = 235K7U278B;
				GENERATE_INFOPLIST_FILE = YES;
				IPHONEOS_DEPLOYMENT_TARGET = 16.0;
				MARKETING_VERSION = 1.0;
				PRODUCT_BUNDLE_IDENTIFIER = com.elysium.ChessClockTests;
				PRODUCT_NAME = "$(TARGET_NAME)";
				SWIFT_EMIT_LOC_STRINGS = NO;
				SWIFT_VERSION = 5.0;
				TARGETED_DEVICE_FAMILY = "1,2";
				TEST_HOST = "$(BUILT_PRODUCTS_DIR)/ChessClock.app/$(BUNDLE_EXECUTABLE_FOLDER_PATH)/ChessClock";
			};
			name = Release;
		};
		A7A72DF62554A83B00A44984 /* Debug */ = {
			isa = XCBuildConfiguration;
			buildSettings = {
				ALWAYS_SEARCH_USER_PATHS = NO;
				CLANG_ANALYZER_NONNULL = YES;
				CLANG_ANALYZER_NUMBER_OBJECT_CONVERSION = YES_AGGRESSIVE;
				CLANG_CXX_LANGUAGE_STANDARD = "gnu++14";
				CLANG_CXX_LIBRARY = "libc++";
				CLANG_ENABLE_MODULES = YES;
				CLANG_ENABLE_OBJC_ARC = YES;
				CLANG_ENABLE_OBJC_WEAK = YES;
				CLANG_WARN_BLOCK_CAPTURE_AUTORELEASING = YES;
				CLANG_WARN_BOOL_CONVERSION = YES;
				CLANG_WARN_COMMA = YES;
				CLANG_WARN_CONSTANT_CONVERSION = YES;
				CLANG_WARN_DEPRECATED_OBJC_IMPLEMENTATIONS = YES;
				CLANG_WARN_DIRECT_OBJC_ISA_USAGE = YES_ERROR;
				CLANG_WARN_DOCUMENTATION_COMMENTS = YES;
				CLANG_WARN_EMPTY_BODY = YES;
				CLANG_WARN_ENUM_CONVERSION = YES;
				CLANG_WARN_INFINITE_RECURSION = YES;
				CLANG_WARN_INT_CONVERSION = YES;
				CLANG_WARN_NON_LITERAL_NULL_CONVERSION = YES;
				CLANG_WARN_OBJC_IMPLICIT_RETAIN_SELF = YES;
				CLANG_WARN_OBJC_LITERAL_CONVERSION = YES;
				CLANG_WARN_OBJC_ROOT_CLASS = YES_ERROR;
				CLANG_WARN_QUOTED_INCLUDE_IN_FRAMEWORK_HEADER = YES;
				CLANG_WARN_RANGE_LOOP_ANALYSIS = YES;
				CLANG_WARN_STRICT_PROTOTYPES = YES;
				CLANG_WARN_SUSPICIOUS_MOVE = YES;
				CLANG_WARN_UNGUARDED_AVAILABILITY = YES_AGGRESSIVE;
				CLANG_WARN_UNREACHABLE_CODE = YES;
				CLANG_WARN__DUPLICATE_METHOD_MATCH = YES;
				COPY_PHASE_STRIP = NO;
				DEBUG_INFORMATION_FORMAT = dwarf;
				ENABLE_STRICT_OBJC_MSGSEND = YES;
				ENABLE_TESTABILITY = YES;
				GCC_C_LANGUAGE_STANDARD = gnu11;
				GCC_DYNAMIC_NO_PIC = NO;
				GCC_NO_COMMON_BLOCKS = YES;
				GCC_OPTIMIZATION_LEVEL = 0;
				GCC_PREPROCESSOR_DEFINITIONS = (
					"DEBUG=1",
					"$(inherited)",
				);
				GCC_WARN_64_TO_32_BIT_CONVERSION = YES;
				GCC_WARN_ABOUT_RETURN_TYPE = YES_ERROR;
				GCC_WARN_UNDECLARED_SELECTOR = YES;
				GCC_WARN_UNINITIALIZED_AUTOS = YES_AGGRESSIVE;
				GCC_WARN_UNUSED_FUNCTION = YES;
				GCC_WARN_UNUSED_VARIABLE = YES;
				IPHONEOS_DEPLOYMENT_TARGET = 14.0;
				MTL_ENABLE_DEBUG_INFO = INCLUDE_SOURCE;
				MTL_FAST_MATH = YES;
				ONLY_ACTIVE_ARCH = YES;
				SDKROOT = iphoneos;
				SWIFT_ACTIVE_COMPILATION_CONDITIONS = DEBUG;
				SWIFT_OPTIMIZATION_LEVEL = "-Onone";
			};
			name = Debug;
		};
		A7A72DF72554A83B00A44984 /* Release */ = {
			isa = XCBuildConfiguration;
			buildSettings = {
				ALWAYS_SEARCH_USER_PATHS = NO;
				CLANG_ANALYZER_NONNULL = YES;
				CLANG_ANALYZER_NUMBER_OBJECT_CONVERSION = YES_AGGRESSIVE;
				CLANG_CXX_LANGUAGE_STANDARD = "gnu++14";
				CLANG_CXX_LIBRARY = "libc++";
				CLANG_ENABLE_MODULES = YES;
				CLANG_ENABLE_OBJC_ARC = YES;
				CLANG_ENABLE_OBJC_WEAK = YES;
				CLANG_WARN_BLOCK_CAPTURE_AUTORELEASING = YES;
				CLANG_WARN_BOOL_CONVERSION = YES;
				CLANG_WARN_COMMA = YES;
				CLANG_WARN_CONSTANT_CONVERSION = YES;
				CLANG_WARN_DEPRECATED_OBJC_IMPLEMENTATIONS = YES;
				CLANG_WARN_DIRECT_OBJC_ISA_USAGE = YES_ERROR;
				CLANG_WARN_DOCUMENTATION_COMMENTS = YES;
				CLANG_WARN_EMPTY_BODY = YES;
				CLANG_WARN_ENUM_CONVERSION = YES;
				CLANG_WARN_INFINITE_RECURSION = YES;
				CLANG_WARN_INT_CONVERSION = YES;
				CLANG_WARN_NON_LITERAL_NULL_CONVERSION = YES;
				CLANG_WARN_OBJC_IMPLICIT_RETAIN_SELF = YES;
				CLANG_WARN_OBJC_LITERAL_CONVERSION = YES;
				CLANG_WARN_OBJC_ROOT_CLASS = YES_ERROR;
				CLANG_WARN_QUOTED_INCLUDE_IN_FRAMEWORK_HEADER = YES;
				CLANG_WARN_RANGE_LOOP_ANALYSIS = YES;
				CLANG_WARN_STRICT_PROTOTYPES = YES;
				CLANG_WARN_SUSPICIOUS_MOVE = YES;
				CLANG_WARN_UNGUARDED_AVAILABILITY = YES_AGGRESSIVE;
				CLANG_WARN_UNREACHABLE_CODE = YES;
				CLANG_WARN__DUPLICATE_METHOD_MATCH = YES;
				COPY_PHASE_STRIP = NO;
				DEBUG_INFORMATION_FORMAT = "dwarf-with-dsym";
				ENABLE_NS_ASSERTIONS = NO;
				ENABLE_STRICT_OBJC_MSGSEND = YES;
				GCC_C_LANGUAGE_STANDARD = gnu11;
				GCC_NO_COMMON_BLOCKS = YES;
				GCC_WARN_64_TO_32_BIT_CONVERSION = YES;
				GCC_WARN_ABOUT_RETURN_TYPE = YES_ERROR;
				GCC_WARN_UNDECLARED_SELECTOR = YES;
				GCC_WARN_UNINITIALIZED_AUTOS = YES_AGGRESSIVE;
				GCC_WARN_UNUSED_FUNCTION = YES;
				GCC_WARN_UNUSED_VARIABLE = YES;
				IPHONEOS_DEPLOYMENT_TARGET = 14.0;
				MTL_ENABLE_DEBUG_INFO = NO;
				MTL_FAST_MATH = YES;
				SDKROOT = iphoneos;
				SWIFT_COMPILATION_MODE = wholemodule;
				SWIFT_OPTIMIZATION_LEVEL = "-O";
				VALIDATE_PRODUCT = YES;
			};
			name = Release;
		};
		A7A72DF92554A83B00A44984 /* Debug */ = {
			isa = XCBuildConfiguration;
			buildSettings = {
				ASSETCATALOG_COMPILER_APPICON_NAME = AppIcon;
				ASSETCATALOG_COMPILER_GLOBAL_ACCENT_COLOR_NAME = AccentColor;
				CODE_SIGN_STYLE = Automatic;
				DEVELOPMENT_ASSET_PATHS = "\"ChessClock/Preview Content\"";
				DEVELOPMENT_TEAM = 235K7U278B;
				ENABLE_PREVIEWS = YES;
				INFOPLIST_FILE = ChessClock/Info.plist;
				IPHONEOS_DEPLOYMENT_TARGET = 14.0;
				LD_RUNPATH_SEARCH_PATHS = (
					"$(inherited)",
					"@executable_path/Frameworks",
				);
				PRODUCT_BUNDLE_IDENTIFIER = com.elysium.ChessClock;
				PRODUCT_NAME = "$(TARGET_NAME)";
				SWIFT_VERSION = 5.0;
				TARGETED_DEVICE_FAMILY = "1,2";
			};
			name = Debug;
		};
		A7A72DFA2554A83B00A44984 /* Release */ = {
			isa = XCBuildConfiguration;
			buildSettings = {
				ASSETCATALOG_COMPILER_APPICON_NAME = AppIcon;
				ASSETCATALOG_COMPILER_GLOBAL_ACCENT_COLOR_NAME = AccentColor;
				CODE_SIGN_STYLE = Automatic;
				DEVELOPMENT_ASSET_PATHS = "\"ChessClock/Preview Content\"";
				DEVELOPMENT_TEAM = 235K7U278B;
				ENABLE_PREVIEWS = YES;
				INFOPLIST_FILE = ChessClock/Info.plist;
				IPHONEOS_DEPLOYMENT_TARGET = 14.0;
				LD_RUNPATH_SEARCH_PATHS = (
					"$(inherited)",
					"@executable_path/Frameworks",
				);
				PRODUCT_BUNDLE_IDENTIFIER = com.elysium.ChessClock;
				PRODUCT_NAME = "$(TARGET_NAME)";
				SWIFT_VERSION = 5.0;
				TARGETED_DEVICE_FAMILY = "1,2";
			};
			name = Release;
		};
/* End XCBuildConfiguration section */

/* Begin XCConfigurationList section */
		A724F53728FCBA9E00B9C5CC /* Build configuration list for PBXNativeTarget "ChessClockTests" */ = {
			isa = XCConfigurationList;
			buildConfigurations = (
				A724F53828FCBA9E00B9C5CC /* Debug */,
				A724F53928FCBA9E00B9C5CC /* Release */,
			);
			defaultConfigurationIsVisible = 0;
			defaultConfigurationName = Release;
		};
		A7A72DCE2554A83800A44984 /* Build configuration list for PBXProject "ChessClock" */ = {
			isa = XCConfigurationList;
			buildConfigurations = (
				A7A72DF62554A83B00A44984 /* Debug */,
				A7A72DF72554A83B00A44984 /* Release */,
			);
			defaultConfigurationIsVisible = 0;
			defaultConfigurationName = Release;
		};
		A7A72DF82554A83B00A44984 /* Build configuration list for PBXNativeTarget "ChessClock" */ = {
			isa = XCConfigurationList;
			buildConfigurations = (
				A7A72DF92554A83B00A44984 /* Debug */,
				A7A72DFA2554A83B00A44984 /* Release */,
			);
			defaultConfigurationIsVisible = 0;
			defaultConfigurationName = Release;
		};
/* End XCConfigurationList section */

/* Begin XCRemoteSwiftPackageReference section */
		1482CE5F28D7AFF60094B4B6 /* XCRemoteSwiftPackageReference "SFSafeSymbols" */ = {
			isa = XCRemoteSwiftPackageReference;
			repositoryURL = "https://github.com/SFSafeSymbols/SFSafeSymbols";
			requirement = {
				kind = upToNextMajorVersion;
				minimumVersion = 4.0.0;
			};
		};
/* End XCRemoteSwiftPackageReference section */

/* Begin XCSwiftPackageProductDependency section */
		1482CE6028D7AFF60094B4B6 /* SFSafeSymbols */ = {
			isa = XCSwiftPackageProductDependency;
			package = 1482CE5F28D7AFF60094B4B6 /* XCRemoteSwiftPackageReference "SFSafeSymbols" */;
			productName = SFSafeSymbols;
		};
/* End XCSwiftPackageProductDependency section */
	};
	rootObject = A7A72DCB2554A83800A44984 /* Project object */;
}
